
Microsoft Visual Studio Solution File, Format Version 12.00
# Visual Studio Version 16
VisualStudioVersion = 16.0.28803.156
MinimumVisualStudioVersion = 10.0.40219.1
Project("{9A19103F-16F7-4668-BE54-9A1E7A4F7556}") = "Cherry", "Cherry\Cherry.csproj", "{D511FA4D-9ABB-4B05-9A93-6DE1A457DC64}"
EndProject
Project("{9A19103F-16F7-4668-BE54-9A1E7A4F7556}") = "Hello", "Cherry\Plugins\Hello\Hello.csproj", "{6339D61A-546E-401E-8771-A7D6DA999BD9}"
EndProject
Project("{9A19103F-16F7-4668-BE54-9A1E7A4F7556}") = "Shared", "Cherry\Shared\Shared.csproj", "{9938FE77-077C-45D3-BCBC-61454F14B02B}"
EndProject
Project("{9A19103F-16F7-4668-BE54-9A1E7A4F7556}") = "Weather", "Cherry\Plugins\Weather\Weather.csproj", "{7D4E1847-A391-4F4F-9C4F-F25711AA0AA2}"
EndProject
Global
	GlobalSection(SolutionConfigurationPlatforms) = preSolution
		Debug|Any CPU = Debug|Any CPU
		Release|Any CPU = Release|Any CPU
	EndGlobalSection
	GlobalSection(ProjectConfigurationPlatforms) = postSolution
		{D511FA4D-9ABB-4B05-9A93-6DE1A457DC64}.Debug|Any CPU.ActiveCfg = Debug|Any CPU
		{D511FA4D-9ABB-4B05-9A93-6DE1A457DC64}.Debug|Any CPU.Build.0 = Debug|Any CPU
		{D511FA4D-9ABB-4B05-9A93-6DE1A457DC64}.Release|Any CPU.ActiveCfg = Release|Any CPU
		{D511FA4D-9ABB-4B05-9A93-6DE1A457DC64}.Release|Any CPU.Build.0 = Release|Any CPU
		{6339D61A-546E-401E-8771-A7D6DA999BD9}.Debug|Any CPU.ActiveCfg = Debug|Any CPU
		{6339D61A-546E-401E-8771-A7D6DA999BD9}.Debug|Any CPU.Build.0 = Debug|Any CPU
		{6339D61A-546E-401E-8771-A7D6DA999BD9}.Release|Any CPU.ActiveCfg = Release|Any CPU
		{6339D61A-546E-401E-8771-A7D6DA999BD9}.Release|Any CPU.Build.0 = Release|Any CPU
		{9938FE77-077C-45D3-BCBC-61454F14B02B}.Debug|Any CPU.ActiveCfg = Debug|Any CPU
		{9938FE77-077C-45D3-BCBC-61454F14B02B}.Debug|Any CPU.Build.0 = Debug|Any CPU
		{9938FE77-077C-45D3-BCBC-61454F14B02B}.Release|Any CPU.ActiveCfg = Release|Any CPU
		{9938FE77-077C-45D3-BCBC-61454F14B02B}.Release|Any CPU.Build.0 = Release|Any CPU
		{7D4E1847-A391-4F4F-9C4F-F25711AA0AA2}.Debug|Any CPU.ActiveCfg = Debug|Any CPU
		{7D4E1847-A391-4F4F-9C4F-F25711AA0AA2}.Debug|Any CPU.Build.0 = Debug|Any CPU
		{7D4E1847-A391-4F4F-9C4F-F25711AA0AA2}.Release|Any CPU.ActiveCfg = Release|Any CPU
		{7D4E1847-A391-4F4F-9C4F-F25711AA0AA2}.Release|Any CPU.Build.0 = Release|Any CPU
	EndGlobalSection
	GlobalSection(SolutionProperties) = preSolution
		HideSolutionNode = FALSE
	EndGlobalSection
	GlobalSection(ExtensibilityGlobals) = postSolution
		SolutionGuid = {1BF5CB2C-079D-48B3-9DE9-ADB7CD1CD718}
	EndGlobalSection
EndGlobal
